{
  "requires": true,
  "lockfileVersion": 1,
  "dependencies": {
    "systeminformation": {
      "version": "3.51.3",
      "resolved": "https://registry.npmjs.org/systeminformation/-/systeminformation-3.51.3.tgz",
      "integrity": "sha512-Jes7/OD8YzEhI1y8fjJt2GSPlhJNUQFhYl10tdDiXOOhJP3GwZW7nxK9D2Ams7gUfRucC+TLTsEbXzwgd5CsHA=="
    }
  }
}
